Microsoft Visual Studio Solution File, Format Version 12.00
# Visual Studio Version 17
VisualStudioVersion = 17.5.2.0
MinimumVisualStudioVersion = 10.0.40219.1
Project("{FAE04EC0-301F-11D3-BF4B-00C04F79EFBC}") = "BugsAnimator", "BugsAnimator.csproj", "{1A354E6E-4587-27C1-3BCA-79E8B5AA507C}"
EndProject
Global
	GlobalSection(SolutionConfigurationPlatforms) = preSolution
		Debug|Any CPU = Debug|Any CPU
		Release|Any CPU = Release|Any CPU
	EndGlobalSection
	GlobalSection(ProjectConfigurationPlatforms) = postSolution
		{1A354E6E-4587-27C1-3BCA-79E8B5AA507C}.Debug|Any CPU.ActiveCfg = Debug|Any CPU
		{1A354E6E-4587-27C1-3BCA-79E8B5AA507C}.Debug|Any CPU.Build.0 = Debug|Any CPU
		{1A354E6E-4587-27C1-3BCA-79E8B5AA507C}.Release|Any CPU.ActiveCfg = Release|Any CPU
		{1A354E6E-4587-27C1-3BCA-79E8B5AA507C}.Release|Any CPU.Build.0 = Release|Any CPU
	EndGlobalSection
	GlobalSection(SolutionProperties) = preSolution
		HideSolutionNode = FALSE
	EndGlobalSection
	GlobalSection(ExtensibilityGlobals) = postSolution
		SolutionGuid = {C566C56C-6424-46E2-A15F-46E20536D7FA}
	EndGlobalSection
EndGlobal
