Microsoft Visual Studio Solution File, Format Version 12.00
# Visual Studio Version 17
VisualStudioVersion = 17.5.2.0
MinimumVisualStudioVersion = 10.0.40219.1
Project("{FAE04EC0-301F-11D3-BF4B-00C04F79EFBC}") = "SwoopAnimator", "SwoopAnimator.csproj", "{010DEE9B-58C3-8F2D-11A4-03E5A71A9FEA}"
EndProject
Global
	GlobalSection(SolutionConfigurationPlatforms) = preSolution
		Debug|Any CPU = Debug|Any CPU
		Release|Any CPU = Release|Any CPU
	EndGlobalSection
	GlobalSection(ProjectConfigurationPlatforms) = postSolution
		{010DEE9B-58C3-8F2D-11A4-03E5A71A9FEA}.Debug|Any CPU.ActiveCfg = Debug|Any CPU
		{010DEE9B-58C3-8F2D-11A4-03E5A71A9FEA}.Debug|Any CPU.Build.0 = Debug|Any CPU
		{010DEE9B-58C3-8F2D-11A4-03E5A71A9FEA}.Release|Any CPU.ActiveCfg = Release|Any CPU
		{010DEE9B-58C3-8F2D-11A4-03E5A71A9FEA}.Release|Any CPU.Build.0 = Release|Any CPU
	EndGlobalSection
	GlobalSection(SolutionProperties) = preSolution
		HideSolutionNode = FALSE
	EndGlobalSection
	GlobalSection(ExtensibilityGlobals) = postSolution
		SolutionGuid = {4808D201-9721-42B0-8AA7-5FC7D0457DB9}
	EndGlobalSection
EndGlobal
